// !$*UTF8*$!
{
	archiveVersion = 1;
	classes = {
	};
	objectVersion = 56;
	objects = {

/* Begin PBXBuildFile section */
		1511C02A2906CCDE001FB3C1 /* KeyboardHandler.swift in Sources */ = {isa = PBXBuildFile; fileRef = 1511C0292906CCDE001FB3C1 /* KeyboardHandler.swift */; };
		1511C0302907F104001FB3C1 /* ChoosingCharacterView.swift in Sources */ = {isa = PBXBuildFile; fileRef = 1511C02F2907F104001FB3C1 /* ChoosingCharacterView.swift */; };
		15912D982907F74300CC57B1 /* Character.swift in Sources */ = {isa = PBXBuildFile; fileRef = 15912D972907F74300CC57B1 /* Character.swift */; };
		15912D9A2908233100CC57B1 /* Skill.swift in Sources */ = {isa = PBXBuildFile; fileRef = 15912D992908233100CC57B1 /* Skill.swift */; };
		15912D9C290875AD00CC57B1 /* AdventurerView.swift in Sources */ = {isa = PBXBuildFile; fileRef = 15912D9B290875AD00CC57B1 /* AdventurerView.swift */; };
		15912D9E2908786E00CC57B1 /* OratorView.swift in Sources */ = {isa = PBXBuildFile; fileRef = 15912D9D2908786E00CC57B1 /* OratorView.swift */; };
		15912DA02908788300CC57B1 /* CompanionView.swift in Sources */ = {isa = PBXBuildFile; fileRef = 15912D9F2908788300CC57B1 /* CompanionView.swift */; };
		15912DA22908789A00CC57B1 /* ShapeshifterView.swift in Sources */ = {isa = PBXBuildFile; fileRef = 15912DA12908789A00CC57B1 /* ShapeshifterView.swift */; };
		15B5FC99290BD87D0041DDBA /* AudacityCardView.swift in Sources */ = {isa = PBXBuildFile; fileRef = 15B5FC98290BD87D0041DDBA /* AudacityCardView.swift */; };
		15B5FC9B290BDB610041DDBA /* ChoosingChallengeView.swift in Sources */ = {isa = PBXBuildFile; fileRef = 15B5FC9A290BDB610041DDBA /* ChoosingChallengeView.swift */; };
		15B5FC9D290BDD730041DDBA /* Challenge.swift in Sources */ = {isa = PBXBuildFile; fileRef = 15B5FC9C290BDD730041DDBA /* Challenge.swift */; };
		15B5FC9F290BEBC40041DDBA /* LoadingView.swift in Sources */ = {isa = PBXBuildFile; fileRef = 15B5FC9E290BEBC40041DDBA /* LoadingView.swift */; };
		15B5FCA6290C1CDC0041DDBA /* PublicSCardView.swift in Sources */ = {isa = PBXBuildFile; fileRef = 15B5FCA5290C1CDC0041DDBA /* PublicSCardView.swift */; };
		15B5FCA8290C21710041DDBA /* SociabilityCardView.swift in Sources */ = {isa = PBXBuildFile; fileRef = 15B5FCA7290C21710041DDBA /* SociabilityCardView.swift */; };
		25169B02290684C500620779 /* StepOutProjectApp.swift in Sources */ = {isa = PBXBuildFile; fileRef = 25169B01290684C500620779 /* StepOutProjectApp.swift */; };
		25169B04290684C500620779 /* ContentView.swift in Sources */ = {isa = PBXBuildFile; fileRef = 25169B03290684C500620779 /* ContentView.swift */; };
		25169B06290684C500620779 /* Assets.xcassets in Resources */ = {isa = PBXBuildFile; fileRef = 25169B05290684C500620779 /* Assets.xcassets */; };
		25169B0A290684C500620779 /* Preview Assets.xcassets in Resources */ = {isa = PBXBuildFile; fileRef = 25169B09290684C500620779 /* Preview Assets.xcassets */; };
		25169B11290684EC00620779 /* WelcomeView.swift in Sources */ = {isa = PBXBuildFile; fileRef = 25169B10290684EC00620779 /* WelcomeView.swift */; };
		25169B132906857300620779 /* UsernameView.swift in Sources */ = {isa = PBXBuildFile; fileRef = 25169B122906857300620779 /* UsernameView.swift */; };
/* End PBXBuildFile section */

/* Begin PBXFileReference section */
		1511C0292906CCDE001FB3C1 /* KeyboardHandler.swift */ = {isa = PBXFileReference; lastKnownFileType = sourcecode.swift; path = KeyboardHandler.swift; sourceTree = "<group>"; };
		1511C02F2907F104001FB3C1 /* ChoosingCharacterView.swift */ = {isa = PBXFileReference; lastKnownFileType = sourcecode.swift; path = ChoosingCharacterView.swift; sourceTree = "<group>"; };
		15912D972907F74300CC57B1 /* Character.swift */ = {isa = PBXFileReference; lastKnownFileType = sourcecode.swift; path = Character.swift; sourceTree = "<group>"; };
		15912D992908233100CC57B1 /* Skill.swift */ = {isa = PBXFileReference; lastKnownFileType = sourcecode.swift; path = Skill.swift; sourceTree = "<group>"; };
		15912D9B290875AD00CC57B1 /* AdventurerView.swift */ = {isa = PBXFileReference; lastKnownFileType = sourcecode.swift; path = AdventurerView.swift; sourceTree = "<group>"; };
		15912D9D2908786E00CC57B1 /* OratorView.swift */ = {isa = PBXFileReference; lastKnownFileType = sourcecode.swift; path = OratorView.swift; sourceTree = "<group>"; };
		15912D9F2908788300CC57B1 /* CompanionView.swift */ = {isa = PBXFileReference; lastKnownFileType = sourcecode.swift; path = CompanionView.swift; sourceTree = "<group>"; };
		15912DA12908789A00CC57B1 /* ShapeshifterView.swift */ = {isa = PBXFileReference; lastKnownFileType = sourcecode.swift; path = ShapeshifterView.swift; sourceTree = "<group>"; };
		15B5FC98290BD87D0041DDBA /* AudacityCardView.swift */ = {isa = PBXFileReference; lastKnownFileType = sourcecode.swift; path = AudacityCardView.swift; sourceTree = "<group>"; };
		15B5FC9A290BDB610041DDBA /* ChoosingChallengeView.swift */ = {isa = PBXFileReference; lastKnownFileType = sourcecode.swift; path = ChoosingChallengeView.swift; sourceTree = "<group>"; };
		15B5FC9C290BDD730041DDBA /* Challenge.swift */ = {isa = PBXFileReference; lastKnownFileType = sourcecode.swift; path = Challenge.swift; sourceTree = "<group>"; };
		15B5FC9E290BEBC40041DDBA /* LoadingView.swift */ = {isa = PBXFileReference; lastKnownFileType = sourcecode.swift; path = LoadingView.swift; sourceTree = "<group>"; };
		15B5FCA5290C1CDC0041DDBA /* PublicSCardView.swift */ = {isa = PBXFileReference; lastKnownFileType = sourcecode.swift; path = PublicSCardView.swift; sourceTree = "<group>"; };
		15B5FCA7290C21710041DDBA /* SociabilityCardView.swift */ = {isa = PBXFileReference; lastKnownFileType = sourcecode.swift; path = SociabilityCardView.swift; sourceTree = "<group>"; };
		25169AFE290684C500620779 /* StepOutProject.app */ = {isa = PBXFileReference; explicitFileType = wrapper.application; includeInIndex = 0; path = StepOutProject.app; sourceTree = BUILT_PRODUCTS_DIR; };
		25169B01290684C500620779 /* StepOutProjectApp.swift */ = {isa = PBXFileReference; lastKnownFileType = sourcecode.swift; path = StepOutProjectApp.swift; sourceTree = "<group>"; };
		25169B03290684C500620779 /* ContentView.swift */ = {isa = PBXFileReference; lastKnownFileType = sourcecode.swift; path = ContentView.swift; sourceTree = "<group>"; };
		25169B05290684C500620779 /* Assets.xcassets */ = {isa = PBXFileReference; lastKnownFileType = folder.assetcatalog; path = Assets.xcassets; sourceTree = "<group>"; };
		25169B07290684C500620779 /* StepOutProject.entitlements */ = {isa = PBXFileReference; lastKnownFileType = text.plist.entitlements; path = StepOutProject.entitlements; sourceTree = "<group>"; };
		25169B09290684C500620779 /* Preview Assets.xcassets */ = {isa = PBXFileReference; lastKnownFileType = folder.assetcatalog; path = "Preview Assets.xcassets"; sourceTree = "<group>"; };
		25169B10290684EC00620779 /* WelcomeView.swift */ = {isa = PBXFileReference; lastKnownFileType = sourcecode.swift; path = WelcomeView.swift; sourceTree = "<group>"; };
		25169B122906857300620779 /* UsernameView.swift */ = {isa = PBXFileReference; lastKnownFileType = sourcecode.swift; path = UsernameView.swift; sourceTree = "<group>"; };
/* End PBXFileReference section */

/* Begin PBXFrameworksBuildPhase section */
		25169AFB290684C500620779 /* Frameworks */ = {
			isa = PBXFrameworksBuildPhase;
			buildActionMask = 2147483647;
			files = (
			);
			runOnlyForDeploymentPostprocessing = 0;
		};
/* End PBXFrameworksBuildPhase section */

/* Begin PBXGroup section */
		1511C0282906CCC0001FB3C1 /* models */ = {
			isa = PBXGroup;
			children = (
				1511C0292906CCDE001FB3C1 /* KeyboardHandler.swift */,
				15912D972907F74300CC57B1 /* Character.swift */,
				15912D992908233100CC57B1 /* Skill.swift */,
				15B5FC9C290BDD730041DDBA /* Challenge.swift */,
			);
			path = models;
			sourceTree = "<group>";
		};
		15B5FCA2290C1C400041DDBA /* CharactersViews */ = {
			isa = PBXGroup;
			children = (
				15912D9B290875AD00CC57B1 /* AdventurerView.swift */,
				15912D9D2908786E00CC57B1 /* OratorView.swift */,
				15912D9F2908788300CC57B1 /* CompanionView.swift */,
				15912DA12908789A00CC57B1 /* ShapeshifterView.swift */,
			);
			path = CharactersViews;
			sourceTree = "<group>";
		};
		15B5FCA3290C1C7F0041DDBA /* StartingViews */ = {
			isa = PBXGroup;
			children = (
				25169B10290684EC00620779 /* WelcomeView.swift */,
				25169B122906857300620779 /* UsernameView.swift */,
				1511C02F2907F104001FB3C1 /* ChoosingCharacterView.swift */,
			);
			path = StartingViews;
			sourceTree = "<group>";
		};
		15B5FCA4290C1CA40041DDBA /* ChallengesViews */ = {
			isa = PBXGroup;
			children = (
				15B5FC98290BD87D0041DDBA /* AudacityCardView.swift */,
				15B5FC9A290BDB610041DDBA /* ChoosingChallengeView.swift */,
				15B5FCA5290C1CDC0041DDBA /* PublicSCardView.swift */,
				15B5FCA7290C21710041DDBA /* SociabilityCardView.swift */,
			);
			path = ChallengesViews;
			sourceTree = "<group>";
		};
		25169AF5290684C500620779 = {
			isa = PBXGroup;
			children = (
				25169B00290684C500620779 /* StepOutProject */,
				25169AFF290684C500620779 /* Products */,
			);
			sourceTree = "<group>";
		};
		25169AFF290684C500620779 /* Products */ = {
			isa = PBXGroup;
			children = (
				25169AFE290684C500620779 /* StepOutProject.app */,
			);
			name = Products;
			sourceTree = "<group>";
		};
		25169B00290684C500620779 /* StepOutProject */ = {
			isa = PBXGroup;
			children = (
				25169B01290684C500620779 /* StepOutProjectApp.swift */,
				1511C0282906CCC0001FB3C1 /* models */,
				2A38388F2906861200CFA67C /* Views */,
				25169B05290684C500620779 /* Assets.xcassets */,
				25169B07290684C500620779 /* StepOutProject.entitlements */,
				25169B08290684C500620779 /* Preview Content */,
			);
			path = StepOutProject;
			sourceTree = "<group>";
		};
		25169B08290684C500620779 /* Preview Content */ = {
			isa = PBXGroup;
			children = (
				25169B09290684C500620779 /* Preview Assets.xcassets */,
			);
			path = "Preview Content";
			sourceTree = "<group>";
		};
		2A38388F2906861200CFA67C /* Views */ = {
			isa = PBXGroup;
			children = (
				15B5FCA4290C1CA40041DDBA /* ChallengesViews */,
				15B5FCA3290C1C7F0041DDBA /* StartingViews */,
				15B5FCA2290C1C400041DDBA /* CharactersViews */,
				25169B03290684C500620779 /* ContentView.swift */,
				15B5FC9E290BEBC40041DDBA /* LoadingView.swift */,
			);
			path = Views;
			sourceTree = "<group>";
		};
/* End PBXGroup section */

/* Begin PBXNativeTarget section */
		25169AFD290684C500620779 /* StepOutProject */ = {
			isa = PBXNativeTarget;
			buildConfigurationList = 25169B0D290684C500620779 /* Build configuration list for PBXNativeTarget "StepOutProject" */;
			buildPhases = (
				25169AFA290684C500620779 /* Sources */,
				25169AFB290684C500620779 /* Frameworks */,
				25169AFC290684C500620779 /* Resources */,
			);
			buildRules = (
			);
			dependencies = (
			);
			name = StepOutProject;
			productName = StepOutProject;
			productReference = 25169AFE290684C500620779 /* StepOutProject.app */;
			productType = "com.apple.product-type.application";
		};
/* End PBXNativeTarget section */

/* Begin PBXProject section */
		25169AF6290684C500620779 /* Project object */ = {
			isa = PBXProject;
			attributes = {
				BuildIndependentTargetsInParallel = 1;
				LastSwiftUpdateCheck = 1400;
				LastUpgradeCheck = 1400;
				TargetAttributes = {
					25169AFD290684C500620779 = {
						CreatedOnToolsVersion = 14.0.1;
					};
				};
			};
			buildConfigurationList = 25169AF9290684C500620779 /* Build configuration list for PBXProject "StepOutProject" */;
			compatibilityVersion = "Xcode 14.0";
			developmentRegion = en;
			hasScannedForEncodings = 0;
			knownRegions = (
				en,
				Base,
			);
			mainGroup = 25169AF5290684C500620779;
			productRefGroup = 25169AFF290684C500620779 /* Products */;
			projectDirPath = "";
			projectRoot = "";
			targets = (
				25169AFD290684C500620779 /* StepOutProject */,
			);
		};
/* End PBXProject section */

/* Begin PBXResourcesBuildPhase section */
		25169AFC290684C500620779 /* Resources */ = {
			isa = PBXResourcesBuildPhase;
			buildActionMask = 2147483647;
			files = (
				25169B0A290684C500620779 /* Preview Assets.xcassets in Resources */,
				25169B06290684C500620779 /* Assets.xcassets in Resources */,
			);
			runOnlyForDeploymentPostprocessing = 0;
		};
/* End PBXResourcesBuildPhase section */

/* Begin PBXSourcesBuildPhase section */
		25169AFA290684C500620779 /* Sources */ = {
			isa = PBXSourcesBuildPhase;
			buildActionMask = 2147483647;
			files = (
				1511C0302907F104001FB3C1 /* ChoosingCharacterView.swift in Sources */,
				15912DA02908788300CC57B1 /* CompanionView.swift in Sources */,
				15B5FCA8290C21710041DDBA /* SociabilityCardView.swift in Sources */,
				15912D9E2908786E00CC57B1 /* OratorView.swift in Sources */,
				15B5FC99290BD87D0041DDBA /* AudacityCardView.swift in Sources */,
				15B5FC9D290BDD730041DDBA /* Challenge.swift in Sources */,
				25169B132906857300620779 /* UsernameView.swift in Sources */,
				15912D9A2908233100CC57B1 /* Skill.swift in Sources */,
				25169B04290684C500620779 /* ContentView.swift in Sources */,
				25169B11290684EC00620779 /* WelcomeView.swift in Sources */,
				15912D9C290875AD00CC57B1 /* AdventurerView.swift in Sources */,
				15B5FCA6290C1CDC0041DDBA /* PublicSCardView.swift in Sources */,
				1511C02A2906CCDE001FB3C1 /* KeyboardHandler.swift in Sources */,
				15B5FC9F290BEBC40041DDBA /* LoadingView.swift in Sources */,
				15912DA22908789A00CC57B1 /* ShapeshifterView.swift in Sources */,
				25169B02290684C500620779 /* StepOutProjectApp.swift in Sources */,
				15B5FC9B290BDB610041DDBA /* ChoosingChallengeView.swift in Sources */,
				15912D982907F74300CC57B1 /* Character.swift in Sources */,
			);
			runOnlyForDeploymentPostprocessing = 0;
		};
/* End PBXSourcesBuildPhase section */

/* Begin XCBuildConfiguration section */
		25169B0B290684C500620779 /* Debug */ = {
			isa = XCBuildConfiguration;
			buildSettings = {
				ALWAYS_SEARCH_USER_PATHS = NO;
				CLANG_ANALYZER_NONNULL = YES;
				CLANG_ANALYZER_NUMBER_OBJECT_CONVERSION = YES_AGGRESSIVE;
				CLANG_CXX_LANGUAGE_STANDARD = "gnu++20";
				CLANG_ENABLE_MODULES = YES;
				CLANG_ENABLE_OBJC_ARC = YES;
				CLANG_ENABLE_OBJC_WEAK = YES;
				CLANG_WARN_BLOCK_CAPTURE_AUTORELEASING = YES;
				CLANG_WARN_BOOL_CONVERSION = YES;
				CLANG_WARN_COMMA = YES;
				CLANG_WARN_CONSTANT_CONVERSION = YES;
				CLANG_WARN_DEPRECATED_OBJC_IMPLEMENTATIONS = YES;
				CLANG_WARN_DIRECT_OBJC_ISA_USAGE = YES_ERROR;
				CLANG_WARN_DOCUMENTATION_COMMENTS = YES;
				CLANG_WARN_EMPTY_BODY = YES;
				CLANG_WARN_ENUM_CONVERSION = YES;
				CLANG_WARN_INFINITE_RECURSION = YES;
				CLANG_WARN_INT_CONVERSION = YES;
				CLANG_WARN_NON_LITERAL_NULL_CONVERSION = YES;
				CLANG_WARN_OBJC_IMPLICIT_RETAIN_SELF = YES;
				CLANG_WARN_OBJC_LITERAL_CONVERSION = YES;
				CLANG_WARN_OBJC_ROOT_CLASS = YES_ERROR;
				CLANG_WARN_QUOTED_INCLUDE_IN_FRAMEWORK_HEADER = YES;
				CLANG_WARN_RANGE_LOOP_ANALYSIS = YES;
				CLANG_WARN_STRICT_PROTOTYPES = YES;
				CLANG_WARN_SUSPICIOUS_MOVE = YES;
				CLANG_WARN_UNGUARDED_AVAILABILITY = YES_AGGRESSIVE;
				CLANG_WARN_UNREACHABLE_CODE = YES;
				CLANG_WARN__DUPLICATE_METHOD_MATCH = YES;
				COPY_PHASE_STRIP = NO;
				DEBUG_INFORMATION_FORMAT = dwarf;
				ENABLE_STRICT_OBJC_MSGSEND = YES;
				ENABLE_TESTABILITY = YES;
				GCC_C_LANGUAGE_STANDARD = gnu11;
				GCC_DYNAMIC_NO_PIC = NO;
				GCC_NO_COMMON_BLOCKS = YES;
				GCC_OPTIMIZATION_LEVEL = 0;
				GCC_PREPROCESSOR_DEFINITIONS = (
					"DEBUG=1",
					"$(inherited)",
				);
				GCC_WARN_64_TO_32_BIT_CONVERSION = YES;
				GCC_WARN_ABOUT_RETURN_TYPE = YES_ERROR;
				GCC_WARN_UNDECLARED_SELECTOR = YES;
				GCC_WARN_UNINITIALIZED_AUTOS = YES_AGGRESSIVE;
				GCC_WARN_UNUSED_FUNCTION = YES;
				GCC_WARN_UNUSED_VARIABLE = YES;
				MTL_ENABLE_DEBUG_INFO = INCLUDE_SOURCE;
				MTL_FAST_MATH = YES;
				ONLY_ACTIVE_ARCH = YES;
				SWIFT_ACTIVE_COMPILATION_CONDITIONS = DEBUG;
				SWIFT_OPTIMIZATION_LEVEL = "-Onone";
			};
			name = Debug;
		};
		25169B0C290684C500620779 /* Release */ = {
			isa = XCBuildConfiguration;
			buildSettings = {
				ALWAYS_SEARCH_USER_PATHS = NO;
				CLANG_ANALYZER_NONNULL = YES;
				CLANG_ANALYZER_NUMBER_OBJECT_CONVERSION = YES_AGGRESSIVE;
				CLANG_CXX_LANGUAGE_STANDARD = "gnu++20";
				CLANG_ENABLE_MODULES = YES;
				CLANG_ENABLE_OBJC_ARC = YES;
				CLANG_ENABLE_OBJC_WEAK = YES;
				CLANG_WARN_BLOCK_CAPTURE_AUTORELEASING = YES;
				CLANG_WARN_BOOL_CONVERSION = YES;
				CLANG_WARN_COMMA = YES;
				CLANG_WARN_CONSTANT_CONVERSION = YES;
				CLANG_WARN_DEPRECATED_OBJC_IMPLEMENTATIONS = YES;
				CLANG_WARN_DIRECT_OBJC_ISA_USAGE = YES_ERROR;
				CLANG_WARN_DOCUMENTATION_COMMENTS = YES;
				CLANG_WARN_EMPTY_BODY = YES;
				CLANG_WARN_ENUM_CONVERSION = YES;
				CLANG_WARN_INFINITE_RECURSION = YES;
				CLANG_WARN_INT_CONVERSION = YES;
				CLANG_WARN_NON_LITERAL_NULL_CONVERSION = YES;
				CLANG_WARN_OBJC_IMPLICIT_RETAIN_SELF = YES;
				CLANG_WARN_OBJC_LITERAL_CONVERSION = YES;
				CLANG_WARN_OBJC_ROOT_CLASS = YES_ERROR;
				CLANG_WARN_QUOTED_INCLUDE_IN_FRAMEWORK_HEADER = YES;
				CLANG_WARN_RANGE_LOOP_ANALYSIS = YES;
				CLANG_WARN_STRICT_PROTOTYPES = YES;
				CLANG_WARN_SUSPICIOUS_MOVE = YES;
				CLANG_WARN_UNGUARDED_AVAILABILITY = YES_AGGRESSIVE;
				CLANG_WARN_UNREACHABLE_CODE = YES;
				CLANG_WARN__DUPLICATE_METHOD_MATCH = YES;
				COPY_PHASE_STRIP = NO;
				DEBUG_INFORMATION_FORMAT = "dwarf-with-dsym";
				ENABLE_NS_ASSERTIONS = NO;
				ENABLE_STRICT_OBJC_MSGSEND = YES;
				GCC_C_LANGUAGE_STANDARD = gnu11;
				GCC_NO_COMMON_BLOCKS = YES;
				GCC_WARN_64_TO_32_BIT_CONVERSION = YES;
				GCC_WARN_ABOUT_RETURN_TYPE = YES_ERROR;
				GCC_WARN_UNDECLARED_SELECTOR = YES;
				GCC_WARN_UNINITIALIZED_AUTOS = YES_AGGRESSIVE;
				GCC_WARN_UNUSED_FUNCTION = YES;
				GCC_WARN_UNUSED_VARIABLE = YES;
				MTL_ENABLE_DEBUG_INFO = NO;
				MTL_FAST_MATH = YES;
				SWIFT_COMPILATION_MODE = wholemodule;
				SWIFT_OPTIMIZATION_LEVEL = "-O";
			};
			name = Release;
		};
		25169B0E290684C500620779 /* Debug */ = {
			isa = XCBuildConfiguration;
			buildSettings = {
				ASSETCATALOG_COMPILER_APPICON_NAME = AppIcon;
				ASSETCATALOG_COMPILER_GLOBAL_ACCENT_COLOR_NAME = AccentColor;
				CODE_SIGN_ENTITLEMENTS = StepOutProject/StepOutProject.entitlements;
				CODE_SIGN_STYLE = Automatic;
				CURRENT_PROJECT_VERSION = 1;
				DEVELOPMENT_ASSET_PATHS = "\"StepOutProject/Preview Content\"";
				DEVELOPMENT_TEAM = 5UR998JK72;
				ENABLE_HARDENED_RUNTIME = YES;
				ENABLE_PREVIEWS = YES;
				GENERATE_INFOPLIST_FILE = YES;
				"INFOPLIST_KEY_UIApplicationSceneManifest_Generation[sdk=iphoneos*]" = YES;
				"INFOPLIST_KEY_UIApplicationSceneManifest_Generation[sdk=iphonesimulator*]" = YES;
				"INFOPLIST_KEY_UIApplicationSupportsIndirectInputEvents[sdk=iphoneos*]" = YES;
				"INFOPLIST_KEY_UIApplicationSupportsIndirectInputEvents[sdk=iphonesimulator*]" = YES;
				"INFOPLIST_KEY_UILaunchScreen_Generation[sdk=iphoneos*]" = YES;
				"INFOPLIST_KEY_UILaunchScreen_Generation[sdk=iphonesimulator*]" = YES;
				"INFOPLIST_KEY_UIStatusBarStyle[sdk=iphoneos*]" = UIStatusBarStyleDefault;
				"INFOPLIST_KEY_UIStatusBarStyle[sdk=iphonesimulator*]" = UIStatusBarStyleDefault;
				INFOPLIST_KEY_UISupportedInterfaceOrientations_iPad = "UIInterfaceOrientationPortrait UIInterfaceOrientationPortraitUpsideDown UIInterfaceOrientationLandscapeLeft UIInterfaceOrientationLandscapeRight";
				INFOPLIST_KEY_UISupportedInterfaceOrientations_iPhone = "UIInterfaceOrientationPortrait UIInterfaceOrientationLandscapeLeft UIInterfaceOrientationLandscapeRight";
				IPHONEOS_DEPLOYMENT_TARGET = 16.0;
				LD_RUNPATH_SEARCH_PATHS = "@executable_path/Frameworks";
				"LD_RUNPATH_SEARCH_PATHS[sdk=macosx*]" = "@executable_path/../Frameworks";
				MACOSX_DEPLOYMENT_TARGET = 12.3;
				MARKETING_VERSION = 1.0;
				PRODUCT_BUNDLE_IDENTIFIER = fed.StepOutProject;
				PRODUCT_NAME = "$(TARGET_NAME)";
				SDKROOT = auto;
				SUPPORTED_PLATFORMS = "iphoneos iphonesimulator macosx";
				SWIFT_EMIT_LOC_STRINGS = YES;
				SWIFT_VERSION = 5.0;
				TARGETED_DEVICE_FAMILY = "1,2";
			};
			name = Debug;
		};
		25169B0F290684C500620779 /* Release */ = {
			isa = XCBuildConfiguration;
			buildSettings = {
				ASSETCATALOG_COMPILER_APPICON_NAME = AppIcon;
				ASSETCATALOG_COMPILER_GLOBAL_ACCENT_COLOR_NAME = AccentColor;
				CODE_SIGN_ENTITLEMENTS = StepOutProject/StepOutProject.entitlements;
				CODE_SIGN_STYLE = Automatic;
				CURRENT_PROJECT_VERSION = 1;
				DEVELOPMENT_ASSET_PATHS = "\"StepOutProject/Preview Content\"";
				DEVELOPMENT_TEAM = 5UR998JK72;
				ENABLE_HARDENED_RUNTIME = YES;
				ENABLE_PREVIEWS = YES;
				GENERATE_INFOPLIST_FILE = YES;
				"INFOPLIST_KEY_UIApplicationSceneManifest_Generation[sdk=iphoneos*]" = YES;
				"INFOPLIST_KEY_UIApplicationSceneManifest_Generation[sdk=iphonesimulator*]" = YES;
				"INFOPLIST_KEY_UIApplicationSupportsIndirectInputEvents[sdk=iphoneos*]" = YES;
				"INFOPLIST_KEY_UIApplicationSupportsIndirectInputEvents[sdk=iphonesimulator*]" = YES;
				"INFOPLIST_KEY_UILaunchScreen_Generation[sdk=iphoneos*]" = YES;
				"INFOPLIST_KEY_UILaunchScreen_Generation[sdk=iphonesimulator*]" = YES;
				"INFOPLIST_KEY_UIStatusBarStyle[sdk=iphoneos*]" = UIStatusBarStyleDefault;
				"INFOPLIST_KEY_UIStatusBarStyle[sdk=iphonesimulator*]" = UIStatusBarStyleDefault;
				INFOPLIST_KEY_UISupportedInterfaceOrientations_iPad = "UIInterfaceOrientationPortrait UIInterfaceOrientationPortraitUpsideDown UIInterfaceOrientationLandscapeLeft UIInterfaceOrientationLandscapeRight";
				INFOPLIST_KEY_UISupportedInterfaceOrientations_iPhone = "UIInterfaceOrientationPortrait UIInterfaceOrientationLandscapeLeft UIInterfaceOrientationLandscapeRight";
				IPHONEOS_DEPLOYMENT_TARGET = 16.0;
				LD_RUNPATH_SEARCH_PATHS = "@executable_path/Frameworks";
				"LD_RUNPATH_SEARCH_PATHS[sdk=macosx*]" = "@executable_path/../Frameworks";
				MACOSX_DEPLOYMENT_TARGET = 12.3;
				MARKETING_VERSION = 1.0;
				PRODUCT_BUNDLE_IDENTIFIER = fed.StepOutProject;
				PRODUCT_NAME = "$(TARGET_NAME)";
				SDKROOT = auto;
				SUPPORTED_PLATFORMS = "iphoneos iphonesimulator macosx";
				SWIFT_EMIT_LOC_STRINGS = YES;
				SWIFT_VERSION = 5.0;
				TARGETED_DEVICE_FAMILY = "1,2";
			};
			name = Release;
		};
/* End XCBuildConfiguration section */

/* Begin XCConfigurationList section */
		25169AF9290684C500620779 /* Build configuration list for PBXProject "StepOutProject" */ = {
			isa = XCConfigurationList;
			buildConfigurations = (
				25169B0B290684C500620779 /* Debug */,
				25169B0C290684C500620779 /* Release */,
			);
			defaultConfigurationIsVisible = 0;
			defaultConfigurationName = Release;
		};
		25169B0D290684C500620779 /* Build configuration list for PBXNativeTarget "StepOutProject" */ = {
			isa = XCConfigurationList;
			buildConfigurations = (
				25169B0E290684C500620779 /* Debug */,
				25169B0F290684C500620779 /* Release */,
			);
			defaultConfigurationIsVisible = 0;
			defaultConfigurationName = Release;
		};
/* End XCConfigurationList section */
	};
	rootObject = 25169AF6290684C500620779 /* Project object */;
}
